
Microsoft Visual Studio Solution File, Format Version 12.00
Project("{FAE04EC0-301F-11D3-BF4B-00C04F79EFBC}") = "FactoryPattern", "FactoryPattern\FactoryPattern.csproj", "{46B3D68B-1C21-44A8-BC4D-5C386BE66387}"
EndProject
Project("{FAE04EC0-301F-11D3-BF4B-00C04F79EFBC}") = "AbstractFactoryPattern", "AbstractFactoryPattern\AbstractFactoryPattern.csproj", "{8FF5065B-2F01-41F6-8E15-0B4708BAAD2C}"
EndProject
Global
	GlobalSection(SolutionConfigurationPlatforms) = preSolution
		Debug|Any CPU = Debug|Any CPU
		Release|Any CPU = Release|Any CPU
	EndGlobalSection
	GlobalSection(ProjectConfigurationPlatforms) = postSolution
		{46B3D68B-1C21-44A8-BC4D-5C386BE66387}.Debug|Any CPU.ActiveCfg = Debug|Any CPU
		{46B3D68B-1C21-44A8-BC4D-5C386BE66387}.Debug|Any CPU.Build.0 = Debug|Any CPU
		{46B3D68B-1C21-44A8-BC4D-5C386BE66387}.Release|Any CPU.ActiveCfg = Release|Any CPU
		{46B3D68B-1C21-44A8-BC4D-5C386BE66387}.Release|Any CPU.Build.0 = Release|Any CPU
		{8FF5065B-2F01-41F6-8E15-0B4708BAAD2C}.Debug|Any CPU.ActiveCfg = Debug|Any CPU
		{8FF5065B-2F01-41F6-8E15-0B4708BAAD2C}.Debug|Any CPU.Build.0 = Debug|Any CPU
		{8FF5065B-2F01-41F6-8E15-0B4708BAAD2C}.Release|Any CPU.ActiveCfg = Release|Any CPU
		{8FF5065B-2F01-41F6-8E15-0B4708BAAD2C}.Release|Any CPU.Build.0 = Release|Any CPU
	EndGlobalSection
EndGlobal
